
Microsoft Visual Studio Solution File, Format Version 12.00
# Visual Studio 15
VisualStudioVersion = 15.0.28307.1321
MinimumVisualStudioVersion = 10.0.40219.1
Project("{FAE04EC0-301F-11D3-BF4B-00C04F79EFBC}") = "DeleteEmptyFolder", "DeleteEmptyFolder\DeleteEmptyFolder.csproj", "{67D1AE2B-F08B-4169-99F5-A7456001D222}"
EndProject
Global
	GlobalSection(SolutionConfigurationPlatforms) = preSolution
		Debug|Any CPU = Debug|Any CPU
		Release|Any CPU = Release|Any CPU
	EndGlobalSection
	GlobalSection(ProjectConfigurationPlatforms) = postSolution
		{67D1AE2B-F08B-4169-99F5-A7456001D222}.Debug|Any CPU.ActiveCfg = Debug|Any CPU
		{67D1AE2B-F08B-4169-99F5-A7456001D222}.Debug|Any CPU.Build.0 = Debug|Any CPU
		{67D1AE2B-F08B-4169-99F5-A7456001D222}.Release|Any CPU.ActiveCfg = Release|Any CPU
		{67D1AE2B-F08B-4169-99F5-A7456001D222}.Release|Any CPU.Build.0 = Release|Any CPU
	EndGlobalSection
	GlobalSection(SolutionProperties) = preSolution
		HideSolutionNode = FALSE
	EndGlobalSection
	GlobalSection(ExtensibilityGlobals) = postSolution
		SolutionGuid = {C3D97DC9-03A9-4477-9970-8A70937A4E90}
	EndGlobalSection
EndGlobal
